<?xml version="1.0" encoding="UTF-8"?>
<!DOCTYPE plist PUBLIC "-//Apple//DTD PLIST 1.0//EN" "http://www.apple.com/DTDs/PropertyList-1.0.dtd">
<plist version="1.0">
<dict>
	<key>archiveVersion</key>
	<string>1</string>
	<key>classes</key>
	<dict/>
	<key>objectVersion</key>
	<string>46</string>
	<key>objects</key>
	<dict>
		<key>03FD3D52BF31D96DD3378738</key>
		<dict>
			<key>isa</key>
			<string>PBXFileReference</string>
			<key>lastKnownFileType</key>
			<string>sourcecode.c.h</string>
			<key>name</key>
			<string>Helper.h</string>
			<key>path</key>
			<string>SinchCalloutVerification/Helper.h</string>
			<key>sourceTree</key>
			<string>&lt;group&gt;</string>
		</dict>
		<key>0A4FB67797AA5849C112F21C</key>
		<dict>
			<key>fileRef</key>
			<string>2FE616CF4793A83C89E9389F</string>
			<key>isa</key>
			<string>PBXBuildFile</string>
		</dict>
		<key>1725E90FD3394A3E8AE5321B</key>
		<dict>
			<key>fileRef</key>
			<string>D7D1097AE2335154D61F671D</string>
			<key>isa</key>
			<string>PBXBuildFile</string>
		</dict>
		<key>1B40524D4AA79B1A4B347FC3</key>
		<dict>
			<key>isa</key>
			<string>PBXFileReference</string>
			<key>lastKnownFileType</key>
			<string>wrapper.framework</string>
			<key>name</key>
			<string>SinchVerification.framework</string>
			<key>path</key>
			<string>../SinchVerification.framework</string>
			<key>sourceTree</key>
			<string>&lt;group&gt;</string>
		</dict>
		<key>1B6AAA917B0DF590EEF526E0</key>
		<dict>
			<key>buildConfigurations</key>
			<array>
				<string>621DB703DED12C8359CDD0F2</string>
				<string>492304E9D2B3FC4D145ED190</string>
			</array>
			<key>defaultConfigurationIsVisible</key>
			<string>1</string>
			<key>defaultConfigurationName</key>
			<string>Release</string>
			<key>isa</key>
			<string>XCConfigurationList</string>
		</dict>
		<key>2FE616CF4793A83C89E9389F</key>
		<dict>
			<key>isa</key>
			<string>PBXFileReference</string>
			<key>lastKnownFileType</key>
			<string>folder.assetcatalog</string>
			<key>name</key>
			<string>Sinch.xcassets</string>
			<key>path</key>
			<string>SinchCalloutVerification/Sinch.xcassets</string>
			<key>sourceTree</key>
			<string>&lt;group&gt;</string>
		</dict>
		<key>31BE3678493A96EDCE6EEF89</key>
		<dict>
			<key>fileRef</key>
			<string>505731112EF886888F6BDC9A</string>
			<key>isa</key>
			<string>PBXBuildFile</string>
		</dict>
		<key>39C3C7E9290AB22ABC2F5196</key>
		<dict>
			<key>fileRef</key>
			<string>55A142CBE2BA1B2DDD4C47C9</string>
			<key>isa</key>
			<string>PBXBuildFile</string>
		</dict>
		<key>3A31D9A7ABA6977CFB6CD015</key>
		<dict>
			<key>isa</key>
			<string>PBXFileReference</string>
			<key>lastKnownFileType</key>
			<string>sourcecode.c.objc</string>
			<key>name</key>
			<string>NumberEntryViewController.m</string>
			<key>path</key>
			<string>SinchCalloutVerification/NumberEntryViewController.m</string>
			<key>sourceTree</key>
			<string>&lt;group&gt;</string>
		</dict>
		<key>492304E9D2B3FC4D145ED190</key>
		<dict>
			<key>buildSettings</key>
			<dict>
				<key>ASSETCATALOG_COMPILER_APPICON_NAME</key>
				<string>AppIcon</string>
				<key>CLANG_ENABLE_MODULES</key>
				<string>YES</string>
				<key>CLANG_ENABLE_OBJC_ARC</key>
				<string>YES</string>
				<key>CODE_SIGN_IDENTITY[sdk=iphoneos*]</key>
				<string>iPhone Developer</string>
				<key>DEBUG_INFORMATION_FORMAT</key>
				<string>dwarf-with-dsym</string>
				<key>ENABLE_BITCODE</key>
				<string>YES</string>
				<key>ENABLE_NS_ASSERTIONS</key>
				<string>NO</string>
				<key>FRAMEWORK_SEARCH_PATHS</key>
				<string>..</string>
				<key>GCC_GENERATE_DEBUGGING_SYMBOLS</key>
				<string>NO</string>
				<key>GCC_PREPROCESSOR_DEFINITIONS</key>
				<array>
					<string>NDEBUG</string>
					<string>NS_BLOCK_ASSERTIONS=1</string>
				</array>
				<key>INFOPLIST_FILE</key>
				<string>$(PROJECT_DIR)/$(PRODUCT_NAME)/Info.plist</string>
				<key>IPHONEOS_DEPLOYMENT_TARGET</key>
				<string>8.0</string>
				<key>LIBRARY_SEARCH_PATHS</key>
				<string>.</string>
				<key>LLVM_LTO</key>
				<string>YES</string>
				<key>OTHER_CFLAGS</key>
				<string></string>
				<key>OTHER_CPLUSPLUSFLAGS</key>
				<string></string>
				<key>OTHER_LDFLAGS</key>
				<string>-l"c++" -l"icucore"</string>
				<key>PRODUCT_BUNDLE_IDENTIFIER</key>
				<string>com.sinch.SinchCalloutVerification</string>
				<key>PRODUCT_NAME</key>
				<string>SinchCalloutVerification</string>
				<key>SDKROOT</key>
				<string>iphoneos</string>
				<key>SINCH_VERIFICATION_FRAMEWORK_RELATIVE_PATH</key>
				<string>..</string>
				<key>SKIP_INSTALL</key>
				<string>NO</string>
				<key>SYMROOT</key>
				<string>build</string>
				<key>WRAPPER_PREFIX</key>
				<string></string>
			</dict>
			<key>isa</key>
			<string>XCBuildConfiguration</string>
			<key>name</key>
			<string>Release</string>
		</dict>
		<key>505731112EF886888F6BDC9A</key>
		<dict>
			<key>isa</key>
			<string>PBXFileReference</string>
			<key>lastKnownFileType</key>
			<string>sourcecode.c.objc</string>
			<key>name</key>
			<string>Helper.m</string>
			<key>path</key>
			<string>SinchCalloutVerification/Helper.m</string>
			<key>sourceTree</key>
			<string>&lt;group&gt;</string>
		</dict>
		<key>554E470DC7DF425DF33C8F2F</key>
		<dict>
			<key>fileRef</key>
			<string>E77E71678708BB2440165258</string>
			<key>isa</key>
			<string>PBXBuildFile</string>
		</dict>
		<key>55A142CBE2BA1B2DDD4C47C9</key>
		<dict>
			<key>isa</key>
			<string>PBXFileReference</string>
			<key>lastKnownFileType</key>
			<string>folder.assetcatalog</string>
			<key>name</key>
			<string>Images.xcassets</string>
			<key>path</key>
			<string>SinchCalloutVerification/Images.xcassets</string>
			<key>sourceTree</key>
			<string>&lt;group&gt;</string>
		</dict>
		<key>57DF3A8F2D41E024F6DBA639</key>
		<dict>
			<key>fileRef</key>
			<string>8E15FBB8A2DB4517413087EC</string>
			<key>isa</key>
			<string>PBXBuildFile</string>
		</dict>
		<key>583508DB0D2B81B60F83EE0E</key>
		<dict>
			<key>buildSettings</key>
			<dict>
				<key>INTERMEDIATE_DIR</key>
				<string>$(PROJECT_DERIVED_FILE_DIR)/$(CONFIGURATION)</string>
				<key>SHARED_INTERMEDIATE_DIR</key>
				<string>$(SYMROOT)/DerivedSources/$(CONFIGURATION)</string>
			</dict>
			<key>isa</key>
			<string>XCBuildConfiguration</string>
			<key>name</key>
			<string>Release</string>
		</dict>
		<key>621DB703DED12C8359CDD0F2</key>
		<dict>
			<key>buildSettings</key>
			<dict>
				<key>ASSETCATALOG_COMPILER_APPICON_NAME</key>
				<string>AppIcon</string>
				<key>CLANG_ENABLE_MODULES</key>
				<string>YES</string>
				<key>CLANG_ENABLE_OBJC_ARC</key>
				<string>YES</string>
				<key>CODE_SIGN_IDENTITY[sdk=iphoneos*]</key>
				<string>iPhone Developer</string>
				<key>DEBUG_INFORMATION_FORMAT</key>
				<string>dwarf</string>
				<key>ENABLE_BITCODE</key>
				<string>YES</string>
				<key>ENABLE_TESTABILITY</key>
				<string>YES</string>
				<key>FRAMEWORK_SEARCH_PATHS</key>
				<string>..</string>
				<key>GCC_OPTIMIZATION_LEVEL</key>
				<string>0</string>
				<key>GCC_PREPROCESSOR_DEFINITIONS</key>
				<array>
					<string>_DEBUG</string>
					<string>DEBUG=1</string>
				</array>
				<key>INFOPLIST_FILE</key>
				<string>$(PROJECT_DIR)/$(PRODUCT_NAME)/Info.plist</string>
				<key>IPHONEOS_DEPLOYMENT_TARGET</key>
				<string>8.0</string>
				<key>LIBRARY_SEARCH_PATHS</key>
				<string>.</string>
				<key>LLVM_LTO</key>
				<string>YES</string>
				<key>ONLY_ACTIVE_ARCH</key>
				<string>YES</string>
				<key>OTHER_CFLAGS</key>
				<string></string>
				<key>OTHER_CPLUSPLUSFLAGS</key>
				<string></string>
				<key>OTHER_LDFLAGS</key>
				<string>-l"c++" -l"icucore"</string>
				<key>PRODUCT_BUNDLE_IDENTIFIER</key>
				<string>com.sinch.SinchCalloutVerification</string>
				<key>PRODUCT_NAME</key>
				<string>SinchCalloutVerification</string>
				<key>SDKROOT</key>
				<string>iphoneos</string>
				<key>SINCH_VERIFICATION_FRAMEWORK_RELATIVE_PATH</key>
				<string>..</string>
				<key>SKIP_INSTALL</key>
				<string>NO</string>
				<key>SYMROOT</key>
				<string>build</string>
				<key>WRAPPER_PREFIX</key>
				<string></string>
			</dict>
			<key>isa</key>
			<string>XCBuildConfiguration</string>
			<key>name</key>
			<string>Debug</string>
		</dict>
		<key>6B8B310F45C229A949919C04</key>
		<dict>
			<key>children</key>
			<array>
				<string>03FD3D52BF31D96DD3378738</string>
				<string>505731112EF886888F6BDC9A</string>
				<string>55A142CBE2BA1B2DDD4C47C9</string>
				<string>CFE897D5D81895FF017A7636</string>
				<string>8E15FBB8A2DB4517413087EC</string>
				<string>D7D1097AE2335154D61F671D</string>
				<string>E75492094503C663DEB55781</string>
				<string>2FE616CF4793A83C89E9389F</string>
			</array>
			<key>isa</key>
			<string>PBXGroup</string>
			<key>name</key>
			<string>Supporting Files</string>
			<key>sourceTree</key>
			<string>&lt;group&gt;</string>
		</dict>
		<key>89355100BCFE3DF3AA4D954A</key>
		<dict>
			<key>buildActionMask</key>
			<string>2147483647</string>
			<key>files</key>
			<array>
				<string>39C3C7E9290AB22ABC2F5196</string>
				<string>57DF3A8F2D41E024F6DBA639</string>
				<string>B10B3FF30A5240B02EAD0DA1</string>
				<string>0A4FB67797AA5849C112F21C</string>
			</array>
			<key>isa</key>
			<string>PBXResourcesBuildPhase</string>
			<key>runOnlyForDeploymentPostprocessing</key>
			<string>0</string>
		</dict>
		<key>8C27D7BBC8AB95821A60677E</key>
		<dict>
			<key>buildSettings</key>
			<dict>
				<key>INTERMEDIATE_DIR</key>
				<string>$(PROJECT_DERIVED_FILE_DIR)/$(CONFIGURATION)</string>
				<key>ONLY_ACTIVE_ARCH</key>
				<string>YES</string>
				<key>SHARED_INTERMEDIATE_DIR</key>
				<string>$(SYMROOT)/DerivedSources/$(CONFIGURATION)</string>
			</dict>
			<key>isa</key>
			<string>XCBuildConfiguration</string>
			<key>name</key>
			<string>Debug</string>
		</dict>
		<key>8D0C8002143CB35CA959DF6C</key>
		<dict>
			<key>buildConfigurations</key>
			<array>
				<string>8C27D7BBC8AB95821A60677E</string>
				<string>583508DB0D2B81B60F83EE0E</string>
			</array>
			<key>defaultConfigurationIsVisible</key>
			<string>1</string>
			<key>defaultConfigurationName</key>
			<string>Release</string>
			<key>isa</key>
			<string>XCConfigurationList</string>
		</dict>
		<key>8E15FBB8A2DB4517413087EC</key>
		<dict>
			<key>isa</key>
			<string>PBXFileReference</string>
			<key>lastKnownFileType</key>
			<string>file.storyboard</string>
			<key>name</key>
			<string>LaunchScreen.storyboard</string>
			<key>path</key>
			<string>SinchCalloutVerification/LaunchScreen.storyboard</string>
			<key>sourceTree</key>
			<string>&lt;group&gt;</string>
		</dict>
		<key>9415D280194DF4632FCE726C</key>
		<dict>
			<key>explicitFileType</key>
			<string>wrapper.application</string>
			<key>includeInIndex</key>
			<string>0</string>
			<key>isa</key>
			<string>PBXFileReference</string>
			<key>path</key>
			<string>SinchCalloutVerification.app</string>
			<key>sourceTree</key>
			<string>BUILT_PRODUCTS_DIR</string>
		</dict>
		<key>9A0CC12E3B819FBBC1972DC0</key>
		<dict>
			<key>attributes</key>
			<dict>
				<key>BuildIndependentTargetsInParallel</key>
				<string>YES</string>
				<key>LastSwiftUpdateCheck</key>
				<string>0720</string>
				<key>LastTestingUpgradeCheck</key>
				<string>0720</string>
				<key>LastUpgradeCheck</key>
				<string>0720</string>
			</dict>
			<key>buildConfigurationList</key>
			<string>8D0C8002143CB35CA959DF6C</string>
			<key>compatibilityVersion</key>
			<string>Xcode 3.2</string>
			<key>hasScannedForEncodings</key>
			<string>1</string>
			<key>isa</key>
			<string>PBXProject</string>
			<key>mainGroup</key>
			<string>C0F9E10CE2D713842A0E6040</string>
			<key>projectDirPath</key>
			<string></string>
			<key>projectReferences</key>
			<array/>
			<key>projectRoot</key>
			<string></string>
			<key>targets</key>
			<array>
				<string>DB4665CF1220954B244B2858</string>
			</array>
		</dict>
		<key>9F77D7B3A759028B4AAF0ECE</key>
		<dict>
			<key>children</key>
			<array>
				<string>1B40524D4AA79B1A4B347FC3</string>
			</array>
			<key>isa</key>
			<string>PBXGroup</string>
			<key>name</key>
			<string>Frameworks</string>
			<key>sourceTree</key>
			<string>&lt;group&gt;</string>
		</dict>
		<key>B10B3FF30A5240B02EAD0DA1</key>
		<dict>
			<key>fileRef</key>
			<string>E75492094503C663DEB55781</string>
			<key>isa</key>
			<string>PBXBuildFile</string>
		</dict>
		<key>BAEFCD57C51F880F1E271A00</key>
		<dict>
			<key>fileRef</key>
			<string>3A31D9A7ABA6977CFB6CD015</string>
			<key>isa</key>
			<string>PBXBuildFile</string>
		</dict>
		<key>BBEC6F098AC3C7055FBC8AF3</key>
		<dict>
			<key>isa</key>
			<string>PBXFileReference</string>
			<key>lastKnownFileType</key>
			<string>sourcecode.c.h</string>
			<key>name</key>
			<string>NumberEntryViewController.h</string>
			<key>path</key>
			<string>SinchCalloutVerification/NumberEntryViewController.h</string>
			<key>sourceTree</key>
			<string>&lt;group&gt;</string>
		</dict>
		<key>BEEC57C5304D1BB97B8E64E3</key>
		<dict>
			<key>buildActionMask</key>
			<string>2147483647</string>
			<key>files</key>
			<array>
				<string>554E470DC7DF425DF33C8F2F</string>
				<string>31BE3678493A96EDCE6EEF89</string>
				<string>1725E90FD3394A3E8AE5321B</string>
				<string>BAEFCD57C51F880F1E271A00</string>
			</array>
			<key>isa</key>
			<string>PBXSourcesBuildPhase</string>
			<key>runOnlyForDeploymentPostprocessing</key>
			<string>0</string>
		</dict>
		<key>C0F9E10CE2D713842A0E6040</key>
		<dict>
			<key>children</key>
			<array>
				<string>9F77D7B3A759028B4AAF0ECE</string>
				<string>DBE1950DF76D7CBC0203AB04</string>
				<string>CFCFB8B173E010269AC032E8</string>
			</array>
			<key>isa</key>
			<string>PBXGroup</string>
			<key>sourceTree</key>
			<string>&lt;group&gt;</string>
		</dict>
		<key>CFCFB8B173E010269AC032E8</key>
		<dict>
			<key>children</key>
			<array>
				<string>D105232310CD72F42CD2D942</string>
				<string>E77E71678708BB2440165258</string>
				<string>BBEC6F098AC3C7055FBC8AF3</string>
				<string>3A31D9A7ABA6977CFB6CD015</string>
				<string>6B8B310F45C229A949919C04</string>
			</array>
			<key>isa</key>
			<string>PBXGroup</string>
			<key>name</key>
			<string>SinchCalloutVerification</string>
			<key>sourceTree</key>
			<string>&lt;group&gt;</string>
		</dict>
		<key>CFE897D5D81895FF017A7636</key>
		<dict>
			<key>isa</key>
			<string>PBXFileReference</string>
			<key>lastKnownFileType</key>
			<string>text.plist.xml</string>
			<key>name</key>
			<string>Info.plist</string>
			<key>path</key>
			<string>SinchCalloutVerification/Info.plist</string>
			<key>sourceTree</key>
			<string>&lt;group&gt;</string>
		</dict>
		<key>D105232310CD72F42CD2D942</key>
		<dict>
			<key>isa</key>
			<string>PBXFileReference</string>
			<key>lastKnownFileType</key>
			<string>sourcecode.c.h</string>
			<key>name</key>
			<string>CountrySelectionViewController.h</string>
			<key>path</key>
			<string>SinchCalloutVerification/CountrySelectionViewController.h</string>
			<key>sourceTree</key>
			<string>&lt;group&gt;</string>
		</dict>
		<key>D7D1097AE2335154D61F671D</key>
		<dict>
			<key>isa</key>
			<string>PBXFileReference</string>
			<key>lastKnownFileType</key>
			<string>sourcecode.c.objc</string>
			<key>name</key>
			<string>main.m</string>
			<key>path</key>
			<string>SinchCalloutVerification/main.m</string>
			<key>sourceTree</key>
			<string>&lt;group&gt;</string>
		</dict>
		<key>D9552927E991E19710F38FAA</key>
		<dict>
			<key>fileRef</key>
			<string>1B40524D4AA79B1A4B347FC3</string>
			<key>isa</key>
			<string>PBXBuildFile</string>
		</dict>
		<key>DB4665CF1220954B244B2858</key>
		<dict>
			<key>buildConfigurationList</key>
			<string>1B6AAA917B0DF590EEF526E0</string>
			<key>buildPhases</key>
			<array>
				<string>89355100BCFE3DF3AA4D954A</string>
				<string>BEEC57C5304D1BB97B8E64E3</string>
				<string>F73650D43028BA4D3981A7E0</string>
			</array>
			<key>buildRules</key>
			<array/>
			<key>dependencies</key>
			<array/>
			<key>isa</key>
			<string>PBXNativeTarget</string>
			<key>name</key>
			<string>SinchCalloutVerification</string>
			<key>productName</key>
			<string>SinchCalloutVerification</string>
			<key>productReference</key>
			<string>9415D280194DF4632FCE726C</string>
			<key>productType</key>
			<string>com.apple.product-type.application</string>
		</dict>
		<key>DBE1950DF76D7CBC0203AB04</key>
		<dict>
			<key>children</key>
			<array>
				<string>9415D280194DF4632FCE726C</string>
			</array>
			<key>isa</key>
			<string>PBXGroup</string>
			<key>name</key>
			<string>Products</string>
			<key>sourceTree</key>
			<string>&lt;group&gt;</string>
		</dict>
		<key>E75492094503C663DEB55781</key>
		<dict>
			<key>isa</key>
			<string>PBXFileReference</string>
			<key>lastKnownFileType</key>
			<string>file.storyboard</string>
			<key>name</key>
			<string>Main.storyboard</string>
			<key>path</key>
			<string>SinchCalloutVerification/Main.storyboard</string>
			<key>sourceTree</key>
			<string>&lt;group&gt;</string>
		</dict>
		<key>E77E71678708BB2440165258</key>
		<dict>
			<key>isa</key>
			<string>PBXFileReference</string>
			<key>lastKnownFileType</key>
			<string>sourcecode.c.objc</string>
			<key>name</key>
			<string>CountrySelectionViewController.m</string>
			<key>path</key>
			<string>SinchCalloutVerification/CountrySelectionViewController.m</string>
			<key>sourceTree</key>
			<string>&lt;group&gt;</string>
		</dict>
		<key>F73650D43028BA4D3981A7E0</key>
		<dict>
			<key>buildActionMask</key>
			<string>2147483647</string>
			<key>files</key>
			<array>
				<string>D9552927E991E19710F38FAA</string>
			</array>
			<key>isa</key>
			<string>PBXFrameworksBuildPhase</string>
			<key>runOnlyForDeploymentPostprocessing</key>
			<string>0</string>
		</dict>
	</dict>
	<key>rootObject</key>
	<string>9A0CC12E3B819FBBC1972DC0</string>
</dict>
</plist>
