<?xml version="1.0" encoding="UTF-8"?>
<!DOCTYPE plist PUBLIC "-//Apple//DTD PLIST 1.0//EN" "http://www.apple.com/DTDs/PropertyList-1.0.dtd">
<plist version="1.0">
<dict>
	<key>archiveVersion</key>
	<string>1</string>
	<key>classes</key>
	<dict/>
	<key>objectVersion</key>
	<string>46</string>
	<key>objects</key>
	<dict>
		<key>00F326C9A7912E96ADDA4C2D</key>
		<dict>
			<key>isa</key>
			<string>PBXFileReference</string>
			<key>lastKnownFileType</key>
			<string>sourcecode.c.objc</string>
			<key>name</key>
			<string>main.m</string>
			<key>path</key>
			<string>SinchSMSVerification/main.m</string>
			<key>sourceTree</key>
			<string>&lt;group&gt;</string>
		</dict>
		<key>2281C866334DA88A9747896B</key>
		<dict>
			<key>fileRef</key>
			<string>6D00D352FA56870B9C793375</string>
			<key>isa</key>
			<string>PBXBuildFile</string>
		</dict>
		<key>269A0F8B48DDB853AA77302D</key>
		<dict>
			<key>fileRef</key>
			<string>FCB6985BF4CFCEBA02043B8B</string>
			<key>isa</key>
			<string>PBXBuildFile</string>
		</dict>
		<key>2B8AABE95E8861D6F9A4007B</key>
		<dict>
			<key>isa</key>
			<string>PBXFileReference</string>
			<key>lastKnownFileType</key>
			<string>sourcecode.c.objc</string>
			<key>name</key>
			<string>NumberEntryViewController.m</string>
			<key>path</key>
			<string>SinchSMSVerification/NumberEntryViewController.m</string>
			<key>sourceTree</key>
			<string>&lt;group&gt;</string>
		</dict>
		<key>2F35272300EB94D6AE3E04E2</key>
		<dict>
			<key>isa</key>
			<string>PBXFileReference</string>
			<key>lastKnownFileType</key>
			<string>file.storyboard</string>
			<key>name</key>
			<string>Main.storyboard</string>
			<key>path</key>
			<string>SinchSMSVerification/Main.storyboard</string>
			<key>sourceTree</key>
			<string>&lt;group&gt;</string>
		</dict>
		<key>2FF0B3385EA794A042972F1B</key>
		<dict>
			<key>isa</key>
			<string>PBXFileReference</string>
			<key>lastKnownFileType</key>
			<string>sourcecode.c.objc</string>
			<key>name</key>
			<string>CountrySelectionViewController.m</string>
			<key>path</key>
			<string>SinchSMSVerification/CountrySelectionViewController.m</string>
			<key>sourceTree</key>
			<string>&lt;group&gt;</string>
		</dict>
		<key>326100B82786549830A4FD87</key>
		<dict>
			<key>children</key>
			<array>
				<string>D1EF97D9FEAD36B30F8294E0</string>
				<string>DAE0256F457E9BEC01DB2176</string>
				<string>8A98ECF8FB64B962701C9386</string>
			</array>
			<key>isa</key>
			<string>PBXGroup</string>
			<key>sourceTree</key>
			<string>&lt;group&gt;</string>
		</dict>
		<key>34016B20D9B7C805461E1D32</key>
		<dict>
			<key>buildSettings</key>
			<dict>
				<key>ASSETCATALOG_COMPILER_APPICON_NAME</key>
				<string>AppIcon</string>
				<key>CLANG_ENABLE_MODULES</key>
				<string>YES</string>
				<key>CLANG_ENABLE_OBJC_ARC</key>
				<string>YES</string>
				<key>CODE_SIGN_IDENTITY[sdk=iphoneos*]</key>
				<string>iPhone Developer</string>
				<key>DEBUG_INFORMATION_FORMAT</key>
				<string>dwarf</string>
				<key>ENABLE_BITCODE</key>
				<string>YES</string>
				<key>ENABLE_TESTABILITY</key>
				<string>YES</string>
				<key>FRAMEWORK_SEARCH_PATHS</key>
				<string>..</string>
				<key>GCC_OPTIMIZATION_LEVEL</key>
				<string>0</string>
				<key>GCC_PREPROCESSOR_DEFINITIONS</key>
				<array>
					<string>_DEBUG</string>
					<string>DEBUG=1</string>
				</array>
				<key>INFOPLIST_FILE</key>
				<string>$(PROJECT_DIR)/$(PRODUCT_NAME)/Info.plist</string>
				<key>IPHONEOS_DEPLOYMENT_TARGET</key>
				<string>8.0</string>
				<key>LIBRARY_SEARCH_PATHS</key>
				<string>.</string>
				<key>LLVM_LTO</key>
				<string>YES</string>
				<key>ONLY_ACTIVE_ARCH</key>
				<string>YES</string>
				<key>OTHER_CFLAGS</key>
				<string></string>
				<key>OTHER_CPLUSPLUSFLAGS</key>
				<string></string>
				<key>OTHER_LDFLAGS</key>
				<string>-l"c++" -l"icucore"</string>
				<key>PRODUCT_BUNDLE_IDENTIFIER</key>
				<string>com.sinch.SinchSMSVerification</string>
				<key>PRODUCT_NAME</key>
				<string>SinchSMSVerification</string>
				<key>SDKROOT</key>
				<string>iphoneos</string>
				<key>SINCH_VERIFICATION_FRAMEWORK_RELATIVE_PATH</key>
				<string>..</string>
				<key>SKIP_INSTALL</key>
				<string>NO</string>
				<key>SYMROOT</key>
				<string>build</string>
				<key>WRAPPER_PREFIX</key>
				<string></string>
			</dict>
			<key>isa</key>
			<string>XCBuildConfiguration</string>
			<key>name</key>
			<string>Debug</string>
		</dict>
		<key>3668DE6513330C69E2FBB8C3</key>
		<dict>
			<key>isa</key>
			<string>PBXFileReference</string>
			<key>lastKnownFileType</key>
			<string>sourcecode.c.h</string>
			<key>name</key>
			<string>NumberEntryViewController.h</string>
			<key>path</key>
			<string>SinchSMSVerification/NumberEntryViewController.h</string>
			<key>sourceTree</key>
			<string>&lt;group&gt;</string>
		</dict>
		<key>3A6936E7D6B10E9B76EF4A3B</key>
		<dict>
			<key>buildConfigurationList</key>
			<string>5DCADC67C504D3507FEE5B8F</string>
			<key>buildPhases</key>
			<array>
				<string>4F96F6D9399F6674F184F91E</string>
				<string>C085C9684EB40B51D507E877</string>
				<string>DC378C6922707B0DF1102D1F</string>
			</array>
			<key>buildRules</key>
			<array/>
			<key>dependencies</key>
			<array/>
			<key>isa</key>
			<string>PBXNativeTarget</string>
			<key>name</key>
			<string>SinchSMSVerification</string>
			<key>productName</key>
			<string>SinchSMSVerification</string>
			<key>productReference</key>
			<string>B6ED35307919AA589ED5FD81</string>
			<key>productType</key>
			<string>com.apple.product-type.application</string>
		</dict>
		<key>3BC98E5A4CF4FA7137130562</key>
		<dict>
			<key>isa</key>
			<string>PBXFileReference</string>
			<key>lastKnownFileType</key>
			<string>text.plist.xml</string>
			<key>name</key>
			<string>Info.plist</string>
			<key>path</key>
			<string>SinchSMSVerification/Info.plist</string>
			<key>sourceTree</key>
			<string>&lt;group&gt;</string>
		</dict>
		<key>4F96F6D9399F6674F184F91E</key>
		<dict>
			<key>buildActionMask</key>
			<string>2147483647</string>
			<key>files</key>
			<array>
				<string>2281C866334DA88A9747896B</string>
				<string>816DDC5CF30FC336FD6F74A2</string>
				<string>E99B37967B5B48DDC12B918F</string>
				<string>9D918F11D1C714641649EE1C</string>
			</array>
			<key>isa</key>
			<string>PBXResourcesBuildPhase</string>
			<key>runOnlyForDeploymentPostprocessing</key>
			<string>0</string>
		</dict>
		<key>557CA1ADE8FC9DEB1FF3A0AC</key>
		<dict>
			<key>isa</key>
			<string>PBXFileReference</string>
			<key>lastKnownFileType</key>
			<string>sourcecode.c.objc</string>
			<key>name</key>
			<string>Helper.m</string>
			<key>path</key>
			<string>SinchSMSVerification/Helper.m</string>
			<key>sourceTree</key>
			<string>&lt;group&gt;</string>
		</dict>
		<key>57E5FD54AA723B58BB69361F</key>
		<dict>
			<key>isa</key>
			<string>PBXFileReference</string>
			<key>lastKnownFileType</key>
			<string>file.storyboard</string>
			<key>name</key>
			<string>LaunchScreen.storyboard</string>
			<key>path</key>
			<string>SinchSMSVerification/LaunchScreen.storyboard</string>
			<key>sourceTree</key>
			<string>&lt;group&gt;</string>
		</dict>
		<key>5DCADC67C504D3507FEE5B8F</key>
		<dict>
			<key>buildConfigurations</key>
			<array>
				<string>34016B20D9B7C805461E1D32</string>
				<string>803E1E423B811B49ABB4C3A8</string>
			</array>
			<key>defaultConfigurationIsVisible</key>
			<string>1</string>
			<key>defaultConfigurationName</key>
			<string>Release</string>
			<key>isa</key>
			<string>XCConfigurationList</string>
		</dict>
		<key>62CF846990106B3A9AB41159</key>
		<dict>
			<key>fileRef</key>
			<string>557CA1ADE8FC9DEB1FF3A0AC</string>
			<key>isa</key>
			<string>PBXBuildFile</string>
		</dict>
		<key>6D00D352FA56870B9C793375</key>
		<dict>
			<key>isa</key>
			<string>PBXFileReference</string>
			<key>lastKnownFileType</key>
			<string>folder.assetcatalog</string>
			<key>name</key>
			<string>Images.xcassets</string>
			<key>path</key>
			<string>SinchSMSVerification/Images.xcassets</string>
			<key>sourceTree</key>
			<string>&lt;group&gt;</string>
		</dict>
		<key>6D4162D53C86D94451B5C1C9</key>
		<dict>
			<key>isa</key>
			<string>PBXFileReference</string>
			<key>lastKnownFileType</key>
			<string>sourcecode.c.h</string>
			<key>name</key>
			<string>Helper.h</string>
			<key>path</key>
			<string>SinchSMSVerification/Helper.h</string>
			<key>sourceTree</key>
			<string>&lt;group&gt;</string>
		</dict>
		<key>78072315072BD6EB2CD7DA2C</key>
		<dict>
			<key>buildSettings</key>
			<dict>
				<key>INTERMEDIATE_DIR</key>
				<string>$(PROJECT_DERIVED_FILE_DIR)/$(CONFIGURATION)</string>
				<key>SHARED_INTERMEDIATE_DIR</key>
				<string>$(SYMROOT)/DerivedSources/$(CONFIGURATION)</string>
			</dict>
			<key>isa</key>
			<string>XCBuildConfiguration</string>
			<key>name</key>
			<string>Release</string>
		</dict>
		<key>803E1E423B811B49ABB4C3A8</key>
		<dict>
			<key>buildSettings</key>
			<dict>
				<key>ASSETCATALOG_COMPILER_APPICON_NAME</key>
				<string>AppIcon</string>
				<key>CLANG_ENABLE_MODULES</key>
				<string>YES</string>
				<key>CLANG_ENABLE_OBJC_ARC</key>
				<string>YES</string>
				<key>CODE_SIGN_IDENTITY[sdk=iphoneos*]</key>
				<string>iPhone Developer</string>
				<key>DEBUG_INFORMATION_FORMAT</key>
				<string>dwarf-with-dsym</string>
				<key>ENABLE_BITCODE</key>
				<string>YES</string>
				<key>ENABLE_NS_ASSERTIONS</key>
				<string>NO</string>
				<key>FRAMEWORK_SEARCH_PATHS</key>
				<string>..</string>
				<key>GCC_GENERATE_DEBUGGING_SYMBOLS</key>
				<string>NO</string>
				<key>GCC_PREPROCESSOR_DEFINITIONS</key>
				<array>
					<string>NDEBUG</string>
					<string>NS_BLOCK_ASSERTIONS=1</string>
				</array>
				<key>INFOPLIST_FILE</key>
				<string>$(PROJECT_DIR)/$(PRODUCT_NAME)/Info.plist</string>
				<key>IPHONEOS_DEPLOYMENT_TARGET</key>
				<string>8.0</string>
				<key>LIBRARY_SEARCH_PATHS</key>
				<string>.</string>
				<key>LLVM_LTO</key>
				<string>YES</string>
				<key>OTHER_CFLAGS</key>
				<string></string>
				<key>OTHER_CPLUSPLUSFLAGS</key>
				<string></string>
				<key>OTHER_LDFLAGS</key>
				<string>-l"c++" -l"icucore"</string>
				<key>PRODUCT_BUNDLE_IDENTIFIER</key>
				<string>com.sinch.SinchSMSVerification</string>
				<key>PRODUCT_NAME</key>
				<string>SinchSMSVerification</string>
				<key>SDKROOT</key>
				<string>iphoneos</string>
				<key>SINCH_VERIFICATION_FRAMEWORK_RELATIVE_PATH</key>
				<string>..</string>
				<key>SKIP_INSTALL</key>
				<string>NO</string>
				<key>SYMROOT</key>
				<string>build</string>
				<key>WRAPPER_PREFIX</key>
				<string></string>
			</dict>
			<key>isa</key>
			<string>XCBuildConfiguration</string>
			<key>name</key>
			<string>Release</string>
		</dict>
		<key>816DDC5CF30FC336FD6F74A2</key>
		<dict>
			<key>fileRef</key>
			<string>57E5FD54AA723B58BB69361F</string>
			<key>isa</key>
			<string>PBXBuildFile</string>
		</dict>
		<key>8802081CA5589D5918977846</key>
		<dict>
			<key>buildConfigurations</key>
			<array>
				<string>AF1FA9ACAEA20416FA5DC583</string>
				<string>78072315072BD6EB2CD7DA2C</string>
			</array>
			<key>defaultConfigurationIsVisible</key>
			<string>1</string>
			<key>defaultConfigurationName</key>
			<string>Release</string>
			<key>isa</key>
			<string>XCConfigurationList</string>
		</dict>
		<key>8A98ECF8FB64B962701C9386</key>
		<dict>
			<key>children</key>
			<array>
				<string>C189DC33B6B5701E596C70D1</string>
				<string>F2B10050269D527485F171F7</string>
				<string>B98BAC8199B55933DA9057DD</string>
				<string>2FF0B3385EA794A042972F1B</string>
				<string>3668DE6513330C69E2FBB8C3</string>
				<string>2B8AABE95E8861D6F9A4007B</string>
				<string>FAE8BCDF7641067494A9344E</string>
			</array>
			<key>isa</key>
			<string>PBXGroup</string>
			<key>name</key>
			<string>SinchSMSVerification</string>
			<key>sourceTree</key>
			<string>&lt;group&gt;</string>
		</dict>
		<key>9CC34DEE76452055803C915B</key>
		<dict>
			<key>fileRef</key>
			<string>00F326C9A7912E96ADDA4C2D</string>
			<key>isa</key>
			<string>PBXBuildFile</string>
		</dict>
		<key>9D918F11D1C714641649EE1C</key>
		<dict>
			<key>fileRef</key>
			<string>B119CAB1B48FC2CA06C3DADC</string>
			<key>isa</key>
			<string>PBXBuildFile</string>
		</dict>
		<key>A108D6B370BCE02C49ABCD57</key>
		<dict>
			<key>fileRef</key>
			<string>F2B10050269D527485F171F7</string>
			<key>isa</key>
			<string>PBXBuildFile</string>
		</dict>
		<key>AF1FA9ACAEA20416FA5DC583</key>
		<dict>
			<key>buildSettings</key>
			<dict>
				<key>INTERMEDIATE_DIR</key>
				<string>$(PROJECT_DERIVED_FILE_DIR)/$(CONFIGURATION)</string>
				<key>ONLY_ACTIVE_ARCH</key>
				<string>YES</string>
				<key>SHARED_INTERMEDIATE_DIR</key>
				<string>$(SYMROOT)/DerivedSources/$(CONFIGURATION)</string>
			</dict>
			<key>isa</key>
			<string>XCBuildConfiguration</string>
			<key>name</key>
			<string>Debug</string>
		</dict>
		<key>B119CAB1B48FC2CA06C3DADC</key>
		<dict>
			<key>isa</key>
			<string>PBXFileReference</string>
			<key>lastKnownFileType</key>
			<string>folder.assetcatalog</string>
			<key>name</key>
			<string>Sinch.xcassets</string>
			<key>path</key>
			<string>SinchSMSVerification/Sinch.xcassets</string>
			<key>sourceTree</key>
			<string>&lt;group&gt;</string>
		</dict>
		<key>B6ED35307919AA589ED5FD81</key>
		<dict>
			<key>explicitFileType</key>
			<string>wrapper.application</string>
			<key>includeInIndex</key>
			<string>0</string>
			<key>isa</key>
			<string>PBXFileReference</string>
			<key>path</key>
			<string>SinchSMSVerification.app</string>
			<key>sourceTree</key>
			<string>BUILT_PRODUCTS_DIR</string>
		</dict>
		<key>B98BAC8199B55933DA9057DD</key>
		<dict>
			<key>isa</key>
			<string>PBXFileReference</string>
			<key>lastKnownFileType</key>
			<string>sourcecode.c.h</string>
			<key>name</key>
			<string>CountrySelectionViewController.h</string>
			<key>path</key>
			<string>SinchSMSVerification/CountrySelectionViewController.h</string>
			<key>sourceTree</key>
			<string>&lt;group&gt;</string>
		</dict>
		<key>BE4B38413AC98FDCC7F1F9A5</key>
		<dict>
			<key>attributes</key>
			<dict>
				<key>BuildIndependentTargetsInParallel</key>
				<string>YES</string>
				<key>LastSwiftUpdateCheck</key>
				<string>0720</string>
				<key>LastTestingUpgradeCheck</key>
				<string>0720</string>
				<key>LastUpgradeCheck</key>
				<string>0720</string>
			</dict>
			<key>buildConfigurationList</key>
			<string>8802081CA5589D5918977846</string>
			<key>compatibilityVersion</key>
			<string>Xcode 3.2</string>
			<key>hasScannedForEncodings</key>
			<string>1</string>
			<key>isa</key>
			<string>PBXProject</string>
			<key>mainGroup</key>
			<string>326100B82786549830A4FD87</string>
			<key>projectDirPath</key>
			<string></string>
			<key>projectReferences</key>
			<array/>
			<key>projectRoot</key>
			<string></string>
			<key>targets</key>
			<array>
				<string>3A6936E7D6B10E9B76EF4A3B</string>
			</array>
		</dict>
		<key>C085C9684EB40B51D507E877</key>
		<dict>
			<key>buildActionMask</key>
			<string>2147483647</string>
			<key>files</key>
			<array>
				<string>A108D6B370BCE02C49ABCD57</string>
				<string>CE05AEB9902F667B9DDC8B32</string>
				<string>62CF846990106B3A9AB41159</string>
				<string>9CC34DEE76452055803C915B</string>
				<string>CAB53A90CF0878E4D62FCA16</string>
			</array>
			<key>isa</key>
			<string>PBXSourcesBuildPhase</string>
			<key>runOnlyForDeploymentPostprocessing</key>
			<string>0</string>
		</dict>
		<key>C189DC33B6B5701E596C70D1</key>
		<dict>
			<key>isa</key>
			<string>PBXFileReference</string>
			<key>lastKnownFileType</key>
			<string>sourcecode.c.h</string>
			<key>name</key>
			<string>CodeEntryViewController.h</string>
			<key>path</key>
			<string>SinchSMSVerification/CodeEntryViewController.h</string>
			<key>sourceTree</key>
			<string>&lt;group&gt;</string>
		</dict>
		<key>CAB53A90CF0878E4D62FCA16</key>
		<dict>
			<key>fileRef</key>
			<string>2B8AABE95E8861D6F9A4007B</string>
			<key>isa</key>
			<string>PBXBuildFile</string>
		</dict>
		<key>CE05AEB9902F667B9DDC8B32</key>
		<dict>
			<key>fileRef</key>
			<string>2FF0B3385EA794A042972F1B</string>
			<key>isa</key>
			<string>PBXBuildFile</string>
		</dict>
		<key>D1EF97D9FEAD36B30F8294E0</key>
		<dict>
			<key>children</key>
			<array>
				<string>FCB6985BF4CFCEBA02043B8B</string>
			</array>
			<key>isa</key>
			<string>PBXGroup</string>
			<key>name</key>
			<string>Frameworks</string>
			<key>sourceTree</key>
			<string>&lt;group&gt;</string>
		</dict>
		<key>DAE0256F457E9BEC01DB2176</key>
		<dict>
			<key>children</key>
			<array>
				<string>B6ED35307919AA589ED5FD81</string>
			</array>
			<key>isa</key>
			<string>PBXGroup</string>
			<key>name</key>
			<string>Products</string>
			<key>sourceTree</key>
			<string>&lt;group&gt;</string>
		</dict>
		<key>DC378C6922707B0DF1102D1F</key>
		<dict>
			<key>buildActionMask</key>
			<string>2147483647</string>
			<key>files</key>
			<array>
				<string>269A0F8B48DDB853AA77302D</string>
			</array>
			<key>isa</key>
			<string>PBXFrameworksBuildPhase</string>
			<key>runOnlyForDeploymentPostprocessing</key>
			<string>0</string>
		</dict>
		<key>E99B37967B5B48DDC12B918F</key>
		<dict>
			<key>fileRef</key>
			<string>2F35272300EB94D6AE3E04E2</string>
			<key>isa</key>
			<string>PBXBuildFile</string>
		</dict>
		<key>F2B10050269D527485F171F7</key>
		<dict>
			<key>isa</key>
			<string>PBXFileReference</string>
			<key>lastKnownFileType</key>
			<string>sourcecode.c.objc</string>
			<key>name</key>
			<string>CodeEntryViewController.m</string>
			<key>path</key>
			<string>SinchSMSVerification/CodeEntryViewController.m</string>
			<key>sourceTree</key>
			<string>&lt;group&gt;</string>
		</dict>
		<key>FAE8BCDF7641067494A9344E</key>
		<dict>
			<key>children</key>
			<array>
				<string>6D4162D53C86D94451B5C1C9</string>
				<string>557CA1ADE8FC9DEB1FF3A0AC</string>
				<string>6D00D352FA56870B9C793375</string>
				<string>3BC98E5A4CF4FA7137130562</string>
				<string>57E5FD54AA723B58BB69361F</string>
				<string>00F326C9A7912E96ADDA4C2D</string>
				<string>2F35272300EB94D6AE3E04E2</string>
				<string>B119CAB1B48FC2CA06C3DADC</string>
			</array>
			<key>isa</key>
			<string>PBXGroup</string>
			<key>name</key>
			<string>Supporting Files</string>
			<key>sourceTree</key>
			<string>&lt;group&gt;</string>
		</dict>
		<key>FCB6985BF4CFCEBA02043B8B</key>
		<dict>
			<key>isa</key>
			<string>PBXFileReference</string>
			<key>lastKnownFileType</key>
			<string>wrapper.framework</string>
			<key>name</key>
			<string>SinchVerification.framework</string>
			<key>path</key>
			<string>../SinchVerification.framework</string>
			<key>sourceTree</key>
			<string>&lt;group&gt;</string>
		</dict>
	</dict>
	<key>rootObject</key>
	<string>BE4B38413AC98FDCC7F1F9A5</string>
</dict>
</plist>
